
Microsoft Visual Studio Solution File, Format Version 12.00
Project("{FAE04EC0-301F-11D3-BF4B-00C04F79EFBC}") = "PriceNegotiationAPI", "PriceNegotiationAPI\PriceNegotiationAPI.csproj", "{A5792092-8FBB-4566-962C-D34D5B8E7962}"
EndProject
Project("{FAE04EC0-301F-11D3-BF4B-00C04F79EFBC}") = "PriceNegotiationAPI.Infrastructure", "PriceNegotiationAPI.Infrastructure\PriceNegotiationAPI.Infrastructure.csproj", "{2A334CD5-1611-40D5-B695-FF374B1D7A72}"
EndProject
Project("{FAE04EC0-301F-11D3-BF4B-00C04F79EFBC}") = "PriceNegotiationAPI.Application", "PriceNegotiationAPI.Application\PriceNegotiationAPI.Application.csproj", "{B569C528-ACB8-4881-AB34-A9ECB8D9025A}"
EndProject
Project("{FAE04EC0-301F-11D3-BF4B-00C04F79EFBC}") = "PriceNegotiationAPI.Domain", "PriceNegotiationAPI.Domain\PriceNegotiationAPI.Domain.csproj", "{35C1E61A-5E38-408D-8109-C5B794E4EA2E}"
EndProject
Project("{2150E333-8FDC-42A3-9474-1A3956D46DE8}") = "Tests", "Tests", "{B5E504D7-568A-4E1D-91E8-0675D78504E6}"
EndProject
Project("{FAE04EC0-301F-11D3-BF4B-00C04F79EFBC}") = "ApplicationTests", "ApplicationTests\ApplicationTests.csproj", "{7EBD273F-CBB0-44A6-9CEB-D30200B53EEA}"
EndProject
Project("{FAE04EC0-301F-11D3-BF4B-00C04F79EFBC}") = "InfrastructureTests", "InfrastructureTests\InfrastructureTests.csproj", "{EF18E7AC-7CAD-49E8-AE93-D132DDD84712}"
EndProject
Project("{FAE04EC0-301F-11D3-BF4B-00C04F79EFBC}") = "PresentationTests", "PresentationTests\PresentationTests.csproj", "{245F9D59-1BF6-4E91-A3D5-1DF6E480E22F}"
EndProject
Project("{FAE04EC0-301F-11D3-BF4B-00C04F79EFBC}") = "IntegrationTests", "IntegrationTests\IntegrationTests.csproj", "{B51CC5A6-42EE-4DE0-8910-8F23D497733C}"
EndProject
Project("{2150E333-8FDC-42A3-9474-1A3956D46DE8}") = "Solution Items", "Solution Items", "{BACCB4B3-F39F-4D11-8137-28378DF99C19}"
	ProjectSection(SolutionItems) = preProject
		docker-compose.yml = docker-compose.yml
	EndProjectSection
EndProject
Global
	GlobalSection(SolutionConfigurationPlatforms) = preSolution
		Debug|Any CPU = Debug|Any CPU
		Release|Any CPU = Release|Any CPU
	EndGlobalSection
	GlobalSection(ProjectConfigurationPlatforms) = postSolution
		{A5792092-8FBB-4566-962C-D34D5B8E7962}.Debug|Any CPU.ActiveCfg = Debug|Any CPU
		{A5792092-8FBB-4566-962C-D34D5B8E7962}.Debug|Any CPU.Build.0 = Debug|Any CPU
		{A5792092-8FBB-4566-962C-D34D5B8E7962}.Release|Any CPU.ActiveCfg = Release|Any CPU
		{A5792092-8FBB-4566-962C-D34D5B8E7962}.Release|Any CPU.Build.0 = Release|Any CPU
		{2A334CD5-1611-40D5-B695-FF374B1D7A72}.Debug|Any CPU.ActiveCfg = Debug|Any CPU
		{2A334CD5-1611-40D5-B695-FF374B1D7A72}.Debug|Any CPU.Build.0 = Debug|Any CPU
		{2A334CD5-1611-40D5-B695-FF374B1D7A72}.Release|Any CPU.ActiveCfg = Release|Any CPU
		{2A334CD5-1611-40D5-B695-FF374B1D7A72}.Release|Any CPU.Build.0 = Release|Any CPU
		{B569C528-ACB8-4881-AB34-A9ECB8D9025A}.Debug|Any CPU.ActiveCfg = Debug|Any CPU
		{B569C528-ACB8-4881-AB34-A9ECB8D9025A}.Debug|Any CPU.Build.0 = Debug|Any CPU
		{B569C528-ACB8-4881-AB34-A9ECB8D9025A}.Release|Any CPU.ActiveCfg = Release|Any CPU
		{B569C528-ACB8-4881-AB34-A9ECB8D9025A}.Release|Any CPU.Build.0 = Release|Any CPU
		{35C1E61A-5E38-408D-8109-C5B794E4EA2E}.Debug|Any CPU.ActiveCfg = Debug|Any CPU
		{35C1E61A-5E38-408D-8109-C5B794E4EA2E}.Debug|Any CPU.Build.0 = Debug|Any CPU
		{35C1E61A-5E38-408D-8109-C5B794E4EA2E}.Release|Any CPU.ActiveCfg = Release|Any CPU
		{35C1E61A-5E38-408D-8109-C5B794E4EA2E}.Release|Any CPU.Build.0 = Release|Any CPU
		{7EBD273F-CBB0-44A6-9CEB-D30200B53EEA}.Debug|Any CPU.ActiveCfg = Debug|Any CPU
		{7EBD273F-CBB0-44A6-9CEB-D30200B53EEA}.Debug|Any CPU.Build.0 = Debug|Any CPU
		{7EBD273F-CBB0-44A6-9CEB-D30200B53EEA}.Release|Any CPU.ActiveCfg = Release|Any CPU
		{7EBD273F-CBB0-44A6-9CEB-D30200B53EEA}.Release|Any CPU.Build.0 = Release|Any CPU
		{EF18E7AC-7CAD-49E8-AE93-D132DDD84712}.Debug|Any CPU.ActiveCfg = Debug|Any CPU
		{EF18E7AC-7CAD-49E8-AE93-D132DDD84712}.Debug|Any CPU.Build.0 = Debug|Any CPU
		{EF18E7AC-7CAD-49E8-AE93-D132DDD84712}.Release|Any CPU.ActiveCfg = Release|Any CPU
		{EF18E7AC-7CAD-49E8-AE93-D132DDD84712}.Release|Any CPU.Build.0 = Release|Any CPU
		{245F9D59-1BF6-4E91-A3D5-1DF6E480E22F}.Debug|Any CPU.ActiveCfg = Debug|Any CPU
		{245F9D59-1BF6-4E91-A3D5-1DF6E480E22F}.Debug|Any CPU.Build.0 = Debug|Any CPU
		{245F9D59-1BF6-4E91-A3D5-1DF6E480E22F}.Release|Any CPU.ActiveCfg = Release|Any CPU
		{245F9D59-1BF6-4E91-A3D5-1DF6E480E22F}.Release|Any CPU.Build.0 = Release|Any CPU
		{B51CC5A6-42EE-4DE0-8910-8F23D497733C}.Debug|Any CPU.ActiveCfg = Debug|Any CPU
		{B51CC5A6-42EE-4DE0-8910-8F23D497733C}.Debug|Any CPU.Build.0 = Debug|Any CPU
		{B51CC5A6-42EE-4DE0-8910-8F23D497733C}.Release|Any CPU.ActiveCfg = Release|Any CPU
		{B51CC5A6-42EE-4DE0-8910-8F23D497733C}.Release|Any CPU.Build.0 = Release|Any CPU
	EndGlobalSection
	GlobalSection(NestedProjects) = preSolution
		{7EBD273F-CBB0-44A6-9CEB-D30200B53EEA} = {B5E504D7-568A-4E1D-91E8-0675D78504E6}
		{EF18E7AC-7CAD-49E8-AE93-D132DDD84712} = {B5E504D7-568A-4E1D-91E8-0675D78504E6}
		{245F9D59-1BF6-4E91-A3D5-1DF6E480E22F} = {B5E504D7-568A-4E1D-91E8-0675D78504E6}
		{B51CC5A6-42EE-4DE0-8910-8F23D497733C} = {B5E504D7-568A-4E1D-91E8-0675D78504E6}
	EndGlobalSection
EndGlobal
